
Microsoft Visual Studio Solution File, Format Version 12.00
# Visual Studio 15
VisualStudioVersion = 15.0.27004.2006
MinimumVisualStudioVersion = 10.0.40219.1
Project("{FAE04EC0-301F-11D3-BF4B-00C04F79EFBC}") = "SimpleRoleplay", "SimpleRoleplay.csproj", "{F6294160-D1F5-40AD-8A3F-95C0D122C1FE}"
EndProject
Global
	GlobalSection(SolutionConfigurationPlatforms) = preSolution
		Debug|Any CPU = Debug|Any CPU
		Release|Any CPU = Release|Any CPU
	EndGlobalSection
	GlobalSection(ProjectConfigurationPlatforms) = postSolution
		{F6294160-D1F5-40AD-8A3F-95C0D122C1FE}.Debug|Any CPU.ActiveCfg = Debug|Any CPU
		{F6294160-D1F5-40AD-8A3F-95C0D122C1FE}.Debug|Any CPU.Build.0 = Debug|Any CPU
		{F6294160-D1F5-40AD-8A3F-95C0D122C1FE}.Release|Any CPU.ActiveCfg = Release|Any CPU
		{F6294160-D1F5-40AD-8A3F-95C0D122C1FE}.Release|Any CPU.Build.0 = Release|Any CPU
	EndGlobalSection
	GlobalSection(SolutionProperties) = preSolution
		HideSolutionNode = FALSE
	EndGlobalSection
	GlobalSection(ExtensibilityGlobals) = postSolution
		SolutionGuid = {E8C14219-8E55-4F4B-A227-A6167124575A}
	EndGlobalSection
EndGlobal
